
Microsoft Visual Studio Solution File, Format Version 12.00
# Visual Studio Version 17
VisualStudioVersion = 17.5.33530.505
MinimumVisualStudioVersion = 10.0.40219.1
Project("{2150E333-8FDC-42A3-9474-1A3956D46DE8}") = "Common", "Common", "{B885E817-89F5-43D0-AD03-5C66894A5570}"
EndProject
Project("{2150E333-8FDC-42A3-9474-1A3956D46DE8}") = "Client", "Client", "{5D2D0FF6-6BC9-444A-A103-C5C51B7994B8}"
EndProject
Project("{2150E333-8FDC-42A3-9474-1A3956D46DE8}") = "Server", "Server", "{B2D5937B-C0C1-40DB-9E3D-E2558AEC222D}"
EndProject
Project("{2150E333-8FDC-42A3-9474-1A3956D46DE8}") = "Web", "Web", "{038B8890-4E95-474D-A5AD-A1D5F914DC6A}"
EndProject
Project("{2150E333-8FDC-42A3-9474-1A3956D46DE8}") = "Shared", "Shared", "{F1DB3CDE-B724-4AD3-8A88-7C0BA51C68A4}"
EndProject
Project("{9A19103F-16F7-4668-BE54-9A1E7A4F7556}") = "Shared.Pages", "Client\Shared\Pages\Shared.Pages.csproj", "{B0E8D56E-68DB-4703-B90A-EA8CD782181E}"
EndProject
Project("{9A19103F-16F7-4668-BE54-9A1E7A4F7556}") = "Shared.ServiceInterfaces", "Client\Shared\ServiceInterfaces\Shared.ServiceInterfaces.csproj", "{52BCCF87-7141-4ED3-8CB3-E71843187D8C}"
EndProject
Project("{9A19103F-16F7-4668-BE54-9A1E7A4F7556}") = "Web.Client", "Client\Web\Client\Web.Client.csproj", "{3FB01B4A-F3CF-4D1A-89D6-B2FE687048C5}"
EndProject
Project("{9A19103F-16F7-4668-BE54-9A1E7A4F7556}") = "Web.Services", "Client\Web\Services\Web.Services.csproj", "{363B1B37-B7FB-4C78-9C57-758317AD2311}"
EndProject
Project("{9A19103F-16F7-4668-BE54-9A1E7A4F7556}") = "Common.Models", "Common\Models\Common.Models.csproj", "{840BDF87-8BDF-432C-9DB4-11C271ADB6FF}"
EndProject
Project("{9A19103F-16F7-4668-BE54-9A1E7A4F7556}") = "Common.Utilities", "Common\Utilities\Common.Utilities.csproj", "{21833F4D-1F0E-4981-A33E-88D4D89F9C07}"
EndProject
Project("{9A19103F-16F7-4668-BE54-9A1E7A4F7556}") = "Web.Server", "Server\Web.Server\Web.Server.csproj", "{03454547-CD92-46C0-96EA-08254CC4D060}"
EndProject
Project("{2150E333-8FDC-42A3-9474-1A3956D46DE8}") = "Desktop", "Desktop", "{A8A22AAE-192E-4D7B-BB91-30BCFE2E6B6B}"
EndProject
Project("{9A19103F-16F7-4668-BE54-9A1E7A4F7556}") = "Shared.Models", "Client\Shared\Shared.Models\Shared.Models.csproj", "{9421171B-3026-4678-92DD-05092F6C2873}"
EndProject
Project("{2150E333-8FDC-42A3-9474-1A3956D46DE8}") = "ML", "ML", "{9276DBA4-284F-411D-AC1E-EE6D6A475EB6}"
EndProject
Project("{9A19103F-16F7-4668-BE54-9A1E7A4F7556}") = "ML.Entities", "ML\ME.Entities\ML.Entities\ML.Entities.csproj", "{29D5CF05-CE9B-4E76-B2BE-69BC5C6469DD}"
EndProject
Project("{9A19103F-16F7-4668-BE54-9A1E7A4F7556}") = "WealthCalculator", "ML\WealthCalculator\WealthCalculator.csproj", "{45F43DC1-9CB5-42A5-A825-0EEBE981F936}"
EndProject
Project("{9A19103F-16F7-4668-BE54-9A1E7A4F7556}") = "StockModelBuiler", "ML\Stock\StockModelBuiler\StockModelBuiler.csproj", "{ECC2F3B9-4B17-4B7D-ACCF-C4F5E6B33BB0}"
EndProject
Project("{9A19103F-16F7-4668-BE54-9A1E7A4F7556}") = "StockPrediction", "ML\Stock\StockPrediction\StockPrediction.csproj", "{29E7F8E7-3F59-4391-B119-858AE8822F36}"
EndProject
Project("{9A19103F-16F7-4668-BE54-9A1E7A4F7556}") = "PropertyModelBuilder", "ML\Property\PropertModelBuilder\PropertyModelBuilder\PropertyModelBuilder.csproj", "{92A34F59-036C-4546-A0E0-F5E95693EFFC}"
EndProject
Project("{9A19103F-16F7-4668-BE54-9A1E7A4F7556}") = "PropertyPrediction", "ML\Property\PropertyPrediction\PropertyPrediction.csproj", "{BD8B3934-DFC6-4DAF-B600-6DC85268DCC4}"
EndProject
Project("{9A19103F-16F7-4668-BE54-9A1E7A4F7556}") = "CapitalClue-AzF", "ML\CapitalClue-AzF\CapitalClue-AzF.csproj", "{23553BF9-42D4-41B3-91F3-EF5B1ABAC3B1}"
EndProject
Project("{9A19103F-16F7-4668-BE54-9A1E7A4F7556}") = "CreateCSV", "ML\CreateCSV\CreateCSV.csproj", "{1A21F5CC-D422-4F07-8F24-A3E91796515A}"
EndProject
Global
	GlobalSection(SolutionConfigurationPlatforms) = preSolution
		Debug|Any CPU = Debug|Any CPU
		Release|Any CPU = Release|Any CPU
	EndGlobalSection
	GlobalSection(ProjectConfigurationPlatforms) = postSolution
		{B0E8D56E-68DB-4703-B90A-EA8CD782181E}.Debug|Any CPU.ActiveCfg = Debug|Any CPU
		{B0E8D56E-68DB-4703-B90A-EA8CD782181E}.Debug|Any CPU.Build.0 = Debug|Any CPU
		{B0E8D56E-68DB-4703-B90A-EA8CD782181E}.Release|Any CPU.ActiveCfg = Release|Any CPU
		{B0E8D56E-68DB-4703-B90A-EA8CD782181E}.Release|Any CPU.Build.0 = Release|Any CPU
		{52BCCF87-7141-4ED3-8CB3-E71843187D8C}.Debug|Any CPU.ActiveCfg = Debug|Any CPU
		{52BCCF87-7141-4ED3-8CB3-E71843187D8C}.Debug|Any CPU.Build.0 = Debug|Any CPU
		{52BCCF87-7141-4ED3-8CB3-E71843187D8C}.Release|Any CPU.ActiveCfg = Release|Any CPU
		{52BCCF87-7141-4ED3-8CB3-E71843187D8C}.Release|Any CPU.Build.0 = Release|Any CPU
		{3FB01B4A-F3CF-4D1A-89D6-B2FE687048C5}.Debug|Any CPU.ActiveCfg = Debug|Any CPU
		{3FB01B4A-F3CF-4D1A-89D6-B2FE687048C5}.Debug|Any CPU.Build.0 = Debug|Any CPU
		{3FB01B4A-F3CF-4D1A-89D6-B2FE687048C5}.Release|Any CPU.ActiveCfg = Release|Any CPU
		{3FB01B4A-F3CF-4D1A-89D6-B2FE687048C5}.Release|Any CPU.Build.0 = Release|Any CPU
		{363B1B37-B7FB-4C78-9C57-758317AD2311}.Debug|Any CPU.ActiveCfg = Debug|Any CPU
		{363B1B37-B7FB-4C78-9C57-758317AD2311}.Debug|Any CPU.Build.0 = Debug|Any CPU
		{363B1B37-B7FB-4C78-9C57-758317AD2311}.Release|Any CPU.ActiveCfg = Release|Any CPU
		{363B1B37-B7FB-4C78-9C57-758317AD2311}.Release|Any CPU.Build.0 = Release|Any CPU
		{840BDF87-8BDF-432C-9DB4-11C271ADB6FF}.Debug|Any CPU.ActiveCfg = Debug|Any CPU
		{840BDF87-8BDF-432C-9DB4-11C271ADB6FF}.Debug|Any CPU.Build.0 = Debug|Any CPU
		{840BDF87-8BDF-432C-9DB4-11C271ADB6FF}.Release|Any CPU.ActiveCfg = Release|Any CPU
		{840BDF87-8BDF-432C-9DB4-11C271ADB6FF}.Release|Any CPU.Build.0 = Release|Any CPU
		{21833F4D-1F0E-4981-A33E-88D4D89F9C07}.Debug|Any CPU.ActiveCfg = Debug|Any CPU
		{21833F4D-1F0E-4981-A33E-88D4D89F9C07}.Debug|Any CPU.Build.0 = Debug|Any CPU
		{21833F4D-1F0E-4981-A33E-88D4D89F9C07}.Release|Any CPU.ActiveCfg = Release|Any CPU
		{21833F4D-1F0E-4981-A33E-88D4D89F9C07}.Release|Any CPU.Build.0 = Release|Any CPU
		{03454547-CD92-46C0-96EA-08254CC4D060}.Debug|Any CPU.ActiveCfg = Debug|Any CPU
		{03454547-CD92-46C0-96EA-08254CC4D060}.Debug|Any CPU.Build.0 = Debug|Any CPU
		{03454547-CD92-46C0-96EA-08254CC4D060}.Release|Any CPU.ActiveCfg = Release|Any CPU
		{03454547-CD92-46C0-96EA-08254CC4D060}.Release|Any CPU.Build.0 = Release|Any CPU
		{9421171B-3026-4678-92DD-05092F6C2873}.Debug|Any CPU.ActiveCfg = Debug|Any CPU
		{9421171B-3026-4678-92DD-05092F6C2873}.Debug|Any CPU.Build.0 = Debug|Any CPU
		{9421171B-3026-4678-92DD-05092F6C2873}.Release|Any CPU.ActiveCfg = Release|Any CPU
		{9421171B-3026-4678-92DD-05092F6C2873}.Release|Any CPU.Build.0 = Release|Any CPU
		{29D5CF05-CE9B-4E76-B2BE-69BC5C6469DD}.Debug|Any CPU.ActiveCfg = Debug|Any CPU
		{29D5CF05-CE9B-4E76-B2BE-69BC5C6469DD}.Debug|Any CPU.Build.0 = Debug|Any CPU
		{29D5CF05-CE9B-4E76-B2BE-69BC5C6469DD}.Release|Any CPU.ActiveCfg = Release|Any CPU
		{29D5CF05-CE9B-4E76-B2BE-69BC5C6469DD}.Release|Any CPU.Build.0 = Release|Any CPU
		{45F43DC1-9CB5-42A5-A825-0EEBE981F936}.Debug|Any CPU.ActiveCfg = Debug|Any CPU
		{45F43DC1-9CB5-42A5-A825-0EEBE981F936}.Debug|Any CPU.Build.0 = Debug|Any CPU
		{45F43DC1-9CB5-42A5-A825-0EEBE981F936}.Release|Any CPU.ActiveCfg = Release|Any CPU
		{45F43DC1-9CB5-42A5-A825-0EEBE981F936}.Release|Any CPU.Build.0 = Release|Any CPU
		{ECC2F3B9-4B17-4B7D-ACCF-C4F5E6B33BB0}.Debug|Any CPU.ActiveCfg = Debug|Any CPU
		{ECC2F3B9-4B17-4B7D-ACCF-C4F5E6B33BB0}.Debug|Any CPU.Build.0 = Debug|Any CPU
		{ECC2F3B9-4B17-4B7D-ACCF-C4F5E6B33BB0}.Release|Any CPU.ActiveCfg = Release|Any CPU
		{ECC2F3B9-4B17-4B7D-ACCF-C4F5E6B33BB0}.Release|Any CPU.Build.0 = Release|Any CPU
		{29E7F8E7-3F59-4391-B119-858AE8822F36}.Debug|Any CPU.ActiveCfg = Debug|Any CPU
		{29E7F8E7-3F59-4391-B119-858AE8822F36}.Debug|Any CPU.Build.0 = Debug|Any CPU
		{29E7F8E7-3F59-4391-B119-858AE8822F36}.Release|Any CPU.ActiveCfg = Release|Any CPU
		{29E7F8E7-3F59-4391-B119-858AE8822F36}.Release|Any CPU.Build.0 = Release|Any CPU
		{92A34F59-036C-4546-A0E0-F5E95693EFFC}.Debug|Any CPU.ActiveCfg = Debug|Any CPU
		{92A34F59-036C-4546-A0E0-F5E95693EFFC}.Debug|Any CPU.Build.0 = Debug|Any CPU
		{92A34F59-036C-4546-A0E0-F5E95693EFFC}.Release|Any CPU.ActiveCfg = Release|Any CPU
		{92A34F59-036C-4546-A0E0-F5E95693EFFC}.Release|Any CPU.Build.0 = Release|Any CPU
		{BD8B3934-DFC6-4DAF-B600-6DC85268DCC4}.Debug|Any CPU.ActiveCfg = Debug|Any CPU
		{BD8B3934-DFC6-4DAF-B600-6DC85268DCC4}.Debug|Any CPU.Build.0 = Debug|Any CPU
		{BD8B3934-DFC6-4DAF-B600-6DC85268DCC4}.Release|Any CPU.ActiveCfg = Release|Any CPU
		{BD8B3934-DFC6-4DAF-B600-6DC85268DCC4}.Release|Any CPU.Build.0 = Release|Any CPU
		{23553BF9-42D4-41B3-91F3-EF5B1ABAC3B1}.Debug|Any CPU.ActiveCfg = Debug|Any CPU
		{23553BF9-42D4-41B3-91F3-EF5B1ABAC3B1}.Debug|Any CPU.Build.0 = Debug|Any CPU
		{23553BF9-42D4-41B3-91F3-EF5B1ABAC3B1}.Release|Any CPU.ActiveCfg = Release|Any CPU
		{23553BF9-42D4-41B3-91F3-EF5B1ABAC3B1}.Release|Any CPU.Build.0 = Release|Any CPU
		{1A21F5CC-D422-4F07-8F24-A3E91796515A}.Debug|Any CPU.ActiveCfg = Debug|Any CPU
		{1A21F5CC-D422-4F07-8F24-A3E91796515A}.Debug|Any CPU.Build.0 = Debug|Any CPU
		{1A21F5CC-D422-4F07-8F24-A3E91796515A}.Release|Any CPU.ActiveCfg = Release|Any CPU
		{1A21F5CC-D422-4F07-8F24-A3E91796515A}.Release|Any CPU.Build.0 = Release|Any CPU
	EndGlobalSection
	GlobalSection(SolutionProperties) = preSolution
		HideSolutionNode = FALSE
	EndGlobalSection
	GlobalSection(NestedProjects) = preSolution
		{038B8890-4E95-474D-A5AD-A1D5F914DC6A} = {5D2D0FF6-6BC9-444A-A103-C5C51B7994B8}
		{F1DB3CDE-B724-4AD3-8A88-7C0BA51C68A4} = {5D2D0FF6-6BC9-444A-A103-C5C51B7994B8}
		{B0E8D56E-68DB-4703-B90A-EA8CD782181E} = {F1DB3CDE-B724-4AD3-8A88-7C0BA51C68A4}
		{52BCCF87-7141-4ED3-8CB3-E71843187D8C} = {F1DB3CDE-B724-4AD3-8A88-7C0BA51C68A4}
		{3FB01B4A-F3CF-4D1A-89D6-B2FE687048C5} = {038B8890-4E95-474D-A5AD-A1D5F914DC6A}
		{363B1B37-B7FB-4C78-9C57-758317AD2311} = {038B8890-4E95-474D-A5AD-A1D5F914DC6A}
		{840BDF87-8BDF-432C-9DB4-11C271ADB6FF} = {B885E817-89F5-43D0-AD03-5C66894A5570}
		{21833F4D-1F0E-4981-A33E-88D4D89F9C07} = {B885E817-89F5-43D0-AD03-5C66894A5570}
		{03454547-CD92-46C0-96EA-08254CC4D060} = {B2D5937B-C0C1-40DB-9E3D-E2558AEC222D}
		{A8A22AAE-192E-4D7B-BB91-30BCFE2E6B6B} = {5D2D0FF6-6BC9-444A-A103-C5C51B7994B8}
		{9421171B-3026-4678-92DD-05092F6C2873} = {F1DB3CDE-B724-4AD3-8A88-7C0BA51C68A4}
		{29D5CF05-CE9B-4E76-B2BE-69BC5C6469DD} = {9276DBA4-284F-411D-AC1E-EE6D6A475EB6}
		{45F43DC1-9CB5-42A5-A825-0EEBE981F936} = {9276DBA4-284F-411D-AC1E-EE6D6A475EB6}
		{23553BF9-42D4-41B3-91F3-EF5B1ABAC3B1} = {9276DBA4-284F-411D-AC1E-EE6D6A475EB6}
		{1A21F5CC-D422-4F07-8F24-A3E91796515A} = {9276DBA4-284F-411D-AC1E-EE6D6A475EB6}
	EndGlobalSection
	GlobalSection(ExtensibilityGlobals) = postSolution
		SolutionGuid = {4FD2BB4C-7525-4652-9A57-BBF313ECFD88}
	EndGlobalSection
EndGlobal
