
Microsoft Visual Studio Solution File, Format Version 12.00
# Visual Studio Version 17
VisualStudioVersion = 17.8.34511.84
MinimumVisualStudioVersion = 10.0.40219.1
Project("{2150E333-8FDC-42A3-9474-1A3956D46DE8}") = "Client", "Client", "{A166EBE3-9ADA-4D3B-9D49-FB0E909CCBEF}"
EndProject
Project("{2150E333-8FDC-42A3-9474-1A3956D46DE8}") = "Common", "Common", "{3FA5166C-DAE7-4B7E-BE58-D3E427C3E480}"
EndProject
Project("{2150E333-8FDC-42A3-9474-1A3956D46DE8}") = "Server", "Server", "{EB052ACF-90AF-43CE-BA8C-1303695A412C}"
EndProject
Project("{2150E333-8FDC-42A3-9474-1A3956D46DE8}") = "Desktop", "Desktop", "{989FF1E1-5039-4758-AC2D-137A6E1C2947}"
EndProject
Project("{2150E333-8FDC-42A3-9474-1A3956D46DE8}") = "Shared", "Shared", "{F865436C-A75E-4938-8B5B-B713D5BFFDD5}"
EndProject
Project("{2150E333-8FDC-42A3-9474-1A3956D46DE8}") = "Web", "Web", "{30E7131C-2959-4219-815A-C287E601F20D}"
EndProject
Project("{9A19103F-16F7-4668-BE54-9A1E7A4F7556}") = "Desktop.Data", "Client\Desktop\Desktop.Data\Desktop.Data.csproj", "{75736139-FC9B-49BD-B1D5-425EA3D52C91}"
EndProject
Project("{9A19103F-16F7-4668-BE54-9A1E7A4F7556}") = "MauiProgram", "Client\Desktop\MauiProgram\MauiProgram.csproj", "{36738462-B681-410F-B41F-D274828CBDA5}"
EndProject
Project("{9A19103F-16F7-4668-BE54-9A1E7A4F7556}") = "Desktop.Services", "Client\Desktop\Desktop.Services\Desktop.Services.csproj", "{54573E18-6EAA-4343-AA86-1F15F402E783}"
EndProject
Project("{9A19103F-16F7-4668-BE54-9A1E7A4F7556}") = "Shared.ServiceInterfaces", "Client\Shared\Shared.ServiceInterfaces\Shared.ServiceInterfaces.csproj", "{D7A696F8-8232-48B1-BD72-C9F0367043D0}"
EndProject
Project("{9A19103F-16F7-4668-BE54-9A1E7A4F7556}") = "Common.Models", "Common\Common.Models\Common.Models.csproj", "{CA13AE1C-83E7-4B10-9C0D-C86CD7547009}"
EndProject
Project("{9A19103F-16F7-4668-BE54-9A1E7A4F7556}") = "Common.Utilities", "Common\Common.Utilities\Common.Utilities.csproj", "{495D8061-E3A1-49A9-8888-2578B25922C4}"
EndProject
Project("{9A19103F-16F7-4668-BE54-9A1E7A4F7556}") = "Web.Client", "Client\Web\Web.Client\Web.Client.csproj", "{E111AF77-04AB-484C-960D-6C358FA9A454}"
EndProject
Project("{9A19103F-16F7-4668-BE54-9A1E7A4F7556}") = "Web.Services", "Client\Web\Web.Services\Web.Services.csproj", "{86314D1A-B945-4C9C-ACF9-D69759E5759A}"
EndProject
Project("{9A19103F-16F7-4668-BE54-9A1E7A4F7556}") = "Server.Api", "Server\Server.Api\Server.Api.csproj", "{2ABD6CC2-FEC5-44EF-8BF8-0DAEF6C31CE7}"
EndProject
Project("{9A19103F-16F7-4668-BE54-9A1E7A4F7556}") = "Shared.Pages", "Client\Shared\Shared.Pages\Shared.Pages.csproj", "{56E01757-CE2F-4194-A127-3A30CECAD5D8}"
	ProjectSection(ProjectDependencies) = postProject
		{495D8061-E3A1-49A9-8888-2578B25922C4} = {495D8061-E3A1-49A9-8888-2578B25922C4}
		{D7A696F8-8232-48B1-BD72-C9F0367043D0} = {D7A696F8-8232-48B1-BD72-C9F0367043D0}
	EndProjectSection
EndProject
Global
	GlobalSection(SolutionConfigurationPlatforms) = preSolution
		Debug|Any CPU = Debug|Any CPU
		Release|Any CPU = Release|Any CPU
	EndGlobalSection
	GlobalSection(ProjectConfigurationPlatforms) = postSolution
		{75736139-FC9B-49BD-B1D5-425EA3D52C91}.Debug|Any CPU.ActiveCfg = Debug|Any CPU
		{75736139-FC9B-49BD-B1D5-425EA3D52C91}.Debug|Any CPU.Build.0 = Debug|Any CPU
		{75736139-FC9B-49BD-B1D5-425EA3D52C91}.Release|Any CPU.ActiveCfg = Release|Any CPU
		{75736139-FC9B-49BD-B1D5-425EA3D52C91}.Release|Any CPU.Build.0 = Release|Any CPU
		{36738462-B681-410F-B41F-D274828CBDA5}.Debug|Any CPU.ActiveCfg = Debug|Any CPU
		{36738462-B681-410F-B41F-D274828CBDA5}.Debug|Any CPU.Build.0 = Debug|Any CPU
		{36738462-B681-410F-B41F-D274828CBDA5}.Debug|Any CPU.Deploy.0 = Debug|Any CPU
		{36738462-B681-410F-B41F-D274828CBDA5}.Release|Any CPU.ActiveCfg = Release|Any CPU
		{36738462-B681-410F-B41F-D274828CBDA5}.Release|Any CPU.Build.0 = Release|Any CPU
		{36738462-B681-410F-B41F-D274828CBDA5}.Release|Any CPU.Deploy.0 = Release|Any CPU
		{54573E18-6EAA-4343-AA86-1F15F402E783}.Debug|Any CPU.ActiveCfg = Debug|Any CPU
		{54573E18-6EAA-4343-AA86-1F15F402E783}.Debug|Any CPU.Build.0 = Debug|Any CPU
		{54573E18-6EAA-4343-AA86-1F15F402E783}.Release|Any CPU.ActiveCfg = Release|Any CPU
		{54573E18-6EAA-4343-AA86-1F15F402E783}.Release|Any CPU.Build.0 = Release|Any CPU
		{D7A696F8-8232-48B1-BD72-C9F0367043D0}.Debug|Any CPU.ActiveCfg = Debug|Any CPU
		{D7A696F8-8232-48B1-BD72-C9F0367043D0}.Debug|Any CPU.Build.0 = Debug|Any CPU
		{D7A696F8-8232-48B1-BD72-C9F0367043D0}.Release|Any CPU.ActiveCfg = Release|Any CPU
		{D7A696F8-8232-48B1-BD72-C9F0367043D0}.Release|Any CPU.Build.0 = Release|Any CPU
		{CA13AE1C-83E7-4B10-9C0D-C86CD7547009}.Debug|Any CPU.ActiveCfg = Debug|Any CPU
		{CA13AE1C-83E7-4B10-9C0D-C86CD7547009}.Debug|Any CPU.Build.0 = Debug|Any CPU
		{CA13AE1C-83E7-4B10-9C0D-C86CD7547009}.Release|Any CPU.ActiveCfg = Release|Any CPU
		{CA13AE1C-83E7-4B10-9C0D-C86CD7547009}.Release|Any CPU.Build.0 = Release|Any CPU
		{495D8061-E3A1-49A9-8888-2578B25922C4}.Debug|Any CPU.ActiveCfg = Debug|Any CPU
		{495D8061-E3A1-49A9-8888-2578B25922C4}.Debug|Any CPU.Build.0 = Debug|Any CPU
		{495D8061-E3A1-49A9-8888-2578B25922C4}.Release|Any CPU.ActiveCfg = Release|Any CPU
		{495D8061-E3A1-49A9-8888-2578B25922C4}.Release|Any CPU.Build.0 = Release|Any CPU
		{E111AF77-04AB-484C-960D-6C358FA9A454}.Debug|Any CPU.ActiveCfg = Debug|Any CPU
		{E111AF77-04AB-484C-960D-6C358FA9A454}.Debug|Any CPU.Build.0 = Debug|Any CPU
		{E111AF77-04AB-484C-960D-6C358FA9A454}.Release|Any CPU.ActiveCfg = Release|Any CPU
		{E111AF77-04AB-484C-960D-6C358FA9A454}.Release|Any CPU.Build.0 = Release|Any CPU
		{86314D1A-B945-4C9C-ACF9-D69759E5759A}.Debug|Any CPU.ActiveCfg = Debug|Any CPU
		{86314D1A-B945-4C9C-ACF9-D69759E5759A}.Debug|Any CPU.Build.0 = Debug|Any CPU
		{86314D1A-B945-4C9C-ACF9-D69759E5759A}.Release|Any CPU.ActiveCfg = Release|Any CPU
		{86314D1A-B945-4C9C-ACF9-D69759E5759A}.Release|Any CPU.Build.0 = Release|Any CPU
		{2ABD6CC2-FEC5-44EF-8BF8-0DAEF6C31CE7}.Debug|Any CPU.ActiveCfg = Debug|Any CPU
		{2ABD6CC2-FEC5-44EF-8BF8-0DAEF6C31CE7}.Debug|Any CPU.Build.0 = Debug|Any CPU
		{2ABD6CC2-FEC5-44EF-8BF8-0DAEF6C31CE7}.Release|Any CPU.ActiveCfg = Release|Any CPU
		{2ABD6CC2-FEC5-44EF-8BF8-0DAEF6C31CE7}.Release|Any CPU.Build.0 = Release|Any CPU
		{56E01757-CE2F-4194-A127-3A30CECAD5D8}.Debug|Any CPU.ActiveCfg = Debug|Any CPU
		{56E01757-CE2F-4194-A127-3A30CECAD5D8}.Debug|Any CPU.Build.0 = Debug|Any CPU
		{56E01757-CE2F-4194-A127-3A30CECAD5D8}.Release|Any CPU.ActiveCfg = Release|Any CPU
		{56E01757-CE2F-4194-A127-3A30CECAD5D8}.Release|Any CPU.Build.0 = Release|Any CPU
	EndGlobalSection
	GlobalSection(SolutionProperties) = preSolution
		HideSolutionNode = FALSE
	EndGlobalSection
	GlobalSection(NestedProjects) = preSolution
		{989FF1E1-5039-4758-AC2D-137A6E1C2947} = {A166EBE3-9ADA-4D3B-9D49-FB0E909CCBEF}
		{F865436C-A75E-4938-8B5B-B713D5BFFDD5} = {A166EBE3-9ADA-4D3B-9D49-FB0E909CCBEF}
		{30E7131C-2959-4219-815A-C287E601F20D} = {A166EBE3-9ADA-4D3B-9D49-FB0E909CCBEF}
		{75736139-FC9B-49BD-B1D5-425EA3D52C91} = {989FF1E1-5039-4758-AC2D-137A6E1C2947}
		{36738462-B681-410F-B41F-D274828CBDA5} = {989FF1E1-5039-4758-AC2D-137A6E1C2947}
		{54573E18-6EAA-4343-AA86-1F15F402E783} = {989FF1E1-5039-4758-AC2D-137A6E1C2947}
		{D7A696F8-8232-48B1-BD72-C9F0367043D0} = {F865436C-A75E-4938-8B5B-B713D5BFFDD5}
		{CA13AE1C-83E7-4B10-9C0D-C86CD7547009} = {3FA5166C-DAE7-4B7E-BE58-D3E427C3E480}
		{495D8061-E3A1-49A9-8888-2578B25922C4} = {3FA5166C-DAE7-4B7E-BE58-D3E427C3E480}
		{E111AF77-04AB-484C-960D-6C358FA9A454} = {30E7131C-2959-4219-815A-C287E601F20D}
		{86314D1A-B945-4C9C-ACF9-D69759E5759A} = {30E7131C-2959-4219-815A-C287E601F20D}
		{2ABD6CC2-FEC5-44EF-8BF8-0DAEF6C31CE7} = {EB052ACF-90AF-43CE-BA8C-1303695A412C}
		{56E01757-CE2F-4194-A127-3A30CECAD5D8} = {F865436C-A75E-4938-8B5B-B713D5BFFDD5}
	EndGlobalSection
	GlobalSection(ExtensibilityGlobals) = postSolution
		SolutionGuid = {70295128-1AF6-4089-9440-F9E356D419F3}
	EndGlobalSection
EndGlobal
